// !$*UTF8*$!
{
	archiveVersion = 1;
	classes = {
	};
	objectVersion = 46;
	objects = {

/* Begin PBXBuildFile section */
		26A015BB28344B8BE6D90EEE /* Pods_DotIOGame.framework in Frameworks */ = {isa = PBXBuildFile; fileRef = F043375BF3059FA911B9A769 /* Pods_DotIOGame.framework */; };
		831D6EBA1D42CD7000F5491F /* GameConstants.swift in Sources */ = {isa = PBXBuildFile; fileRef = 831D6EB91D42CD7000F5491F /* GameConstants.swift */; };
		833102691D46A27200B8844A /* WarningSign.swift in Sources */ = {isa = PBXBuildFile; fileRef = 833102681D46A27200B8844A /* WarningSign.swift */; };
		8331028F1D4819F200B8844A /* GameSceneExtensionSpawning.swift in Sources */ = {isa = PBXBuildFile; fileRef = 8331028E1D4819F200B8844A /* GameSceneExtensionSpawning.swift */; };
		833102911D48238100B8844A /* AIActionComputer.swift in Sources */ = {isa = PBXBuildFile; fileRef = 833102901D48238100B8844A /* AIActionComputer.swift */; };
		833102931D495B9700B8844A /* AICreatureOld.swift in Sources */ = {isa = PBXBuildFile; fileRef = 833102921D495B9700B8844A /* AICreatureOld.swift */; };
		836713151D358D3D0062D8C0 /* BoundByCircle.swift in Sources */ = {isa = PBXBuildFile; fileRef = 836713141D358D3D0062D8C0 /* BoundByCircle.swift */; };
		836713171D36CFA40062D8C0 /* BoostButton.swift in Sources */ = {isa = PBXBuildFile; fileRef = 836713161D36CFA40062D8C0 /* BoostButton.swift */; };
		836713191D36F8300062D8C0 /* Mine.swift in Sources */ = {isa = PBXBuildFile; fileRef = 836713181D36F8300062D8C0 /* Mine.swift */; };
		8367131D1D3856AA0062D8C0 /* MineButton.swift in Sources */ = {isa = PBXBuildFile; fileRef = 8367131C1D3856AA0062D8C0 /* MineButton.swift */; };
		8367131F1D39700E0062D8C0 /* MainScene.sks in Resources */ = {isa = PBXBuildFile; fileRef = 8367131E1D39700E0062D8C0 /* MainScene.sks */; };
		836713211D3972900062D8C0 /* MainScene.swift in Sources */ = {isa = PBXBuildFile; fileRef = 836713201D3972900062D8C0 /* MainScene.swift */; };
		836713231D3984410062D8C0 /* Creature.swift in Sources */ = {isa = PBXBuildFile; fileRef = 836713221D3984410062D8C0 /* Creature.swift */; };
		836713251D3AC7A10062D8C0 /* AICreature.swift in Sources */ = {isa = PBXBuildFile; fileRef = 836713241D3AC7A10062D8C0 /* AICreature.swift */; };
		839388811D4670BE002AD481 /* TouchPoint.sks in Resources */ = {isa = PBXBuildFile; fileRef = 839388801D4670BE002AD481 /* TouchPoint.sks */; };
		83957B901D32FDDE00BF4450 /* AppDelegate.swift in Sources */ = {isa = PBXBuildFile; fileRef = 83957B8F1D32FDDE00BF4450 /* AppDelegate.swift */; };
		83957B921D32FDDE00BF4450 /* GameScene.sks in Resources */ = {isa = PBXBuildFile; fileRef = 83957B911D32FDDE00BF4450 /* GameScene.sks */; };
		83957B941D32FDDE00BF4450 /* GameScene.swift in Sources */ = {isa = PBXBuildFile; fileRef = 83957B931D32FDDE00BF4450 /* GameScene.swift */; };
		83957B961D32FDDE00BF4450 /* GameViewController.swift in Sources */ = {isa = PBXBuildFile; fileRef = 83957B951D32FDDE00BF4450 /* GameViewController.swift */; };
		83957B991D32FDDE00BF4450 /* Main.storyboard in Resources */ = {isa = PBXBuildFile; fileRef = 83957B971D32FDDE00BF4450 /* Main.storyboard */; };
		83957B9B1D32FDDE00BF4450 /* Assets.xcassets in Resources */ = {isa = PBXBuildFile; fileRef = 83957B9A1D32FDDE00BF4450 /* Assets.xcassets */; };
		83957B9E1D32FDDE00BF4450 /* LaunchScreen.storyboard in Resources */ = {isa = PBXBuildFile; fileRef = 83957B9C1D32FDDE00BF4450 /* LaunchScreen.storyboard */; };
		83957BA61D3302F700BF4450 /* PlayerCreature.swift in Sources */ = {isa = PBXBuildFile; fileRef = 83957BA51D3302F700BF4450 /* PlayerCreature.swift */; };
		83957BB71D33FBEC00BF4450 /* MSButtonNode.swift in Sources */ = {isa = PBXBuildFile; fileRef = 83957BA81D33FBEC00BF4450 /* MSButtonNode.swift */; };
		83957BB81D33FBEC00BF4450 /* MSReferenceNode.swift in Sources */ = {isa = PBXBuildFile; fileRef = 83957BA91D33FBEC00BF4450 /* MSReferenceNode.swift */; };
		83957BB91D33FBEC00BF4450 /* CGFloat+Extensions.swift in Sources */ = {isa = PBXBuildFile; fileRef = 83957BAB1D33FBEC00BF4450 /* CGFloat+Extensions.swift */; };
		83957BBA1D33FBEC00BF4450 /* CGPoint+Extensions.swift in Sources */ = {isa = PBXBuildFile; fileRef = 83957BAC1D33FBEC00BF4450 /* CGPoint+Extensions.swift */; };
		83957BBB1D33FBEC00BF4450 /* CGVector+Extensions.swift in Sources */ = {isa = PBXBuildFile; fileRef = 83957BAD1D33FBEC00BF4450 /* CGVector+Extensions.swift */; };
		83957BBC1D33FBEC00BF4450 /* Int+Extensions.swift in Sources */ = {isa = PBXBuildFile; fileRef = 83957BAE1D33FBEC00BF4450 /* Int+Extensions.swift */; };
		83957BBD1D33FBEC00BF4450 /* SKAction+Extensions.swift in Sources */ = {isa = PBXBuildFile; fileRef = 83957BAF1D33FBEC00BF4450 /* SKAction+Extensions.swift */; };
		83957BBE1D33FBEC00BF4450 /* SKAction+SpecialEffects.swift in Sources */ = {isa = PBXBuildFile; fileRef = 83957BB01D33FBEC00BF4450 /* SKAction+SpecialEffects.swift */; };
		83957BBF1D33FBEC00BF4450 /* SKColor+Extensions.swift in Sources */ = {isa = PBXBuildFile; fileRef = 83957BB11D33FBEC00BF4450 /* SKColor+Extensions.swift */; };
		83957BC01D33FBEC00BF4450 /* SKNode+Extensions.swift in Sources */ = {isa = PBXBuildFile; fileRef = 83957BB21D33FBEC00BF4450 /* SKNode+Extensions.swift */; };
		83957BC11D33FBEC00BF4450 /* SKTAudio.swift in Sources */ = {isa = PBXBuildFile; fileRef = 83957BB31D33FBEC00BF4450 /* SKTAudio.swift */; };
		83957BC21D33FBEC00BF4450 /* SKTEffects.swift in Sources */ = {isa = PBXBuildFile; fileRef = 83957BB41D33FBEC00BF4450 /* SKTEffects.swift */; };
		83957BC31D33FBEC00BF4450 /* SKTTimingFunctions.swift in Sources */ = {isa = PBXBuildFile; fileRef = 83957BB51D33FBEC00BF4450 /* SKTTimingFunctions.swift */; };
		83957BC41D33FBEC00BF4450 /* Vector3.swift in Sources */ = {isa = PBXBuildFile; fileRef = 83957BB61D33FBEC00BF4450 /* Vector3.swift */; };
		839710061D34650A00696814 /* EnergyOrb.swift in Sources */ = {isa = PBXBuildFile; fileRef = 839710051D34650A00696814 /* EnergyOrb.swift */; };
		83D3D0211D513E9200C87AEC /* ArrayExtension.swift in Sources */ = {isa = PBXBuildFile; fileRef = 83D3D0201D513E9200C87AEC /* ArrayExtension.swift */; };
		83D8A49E1D5299F900A7C653 /* GameOverScene.swift in Sources */ = {isa = PBXBuildFile; fileRef = 83D8A49D1D5299F900A7C653 /* GameOverScene.swift */; };
		83D8A4A01D529A2C00A7C653 /* GameOverScene.sks in Resources */ = {isa = PBXBuildFile; fileRef = 83D8A49F1D529A2C00A7C653 /* GameOverScene.sks */; };
		83D8A4A21D529A8200A7C653 /* LeaderBoard.sks in Resources */ = {isa = PBXBuildFile; fileRef = 83D8A4A11D529A8200A7C653 /* LeaderBoard.sks */; };
		83D8A4A41D529B7D00A7C653 /* LeaderBoard.swift in Sources */ = {isa = PBXBuildFile; fileRef = 83D8A4A31D529B7D00A7C653 /* LeaderBoard.swift */; };
		83E1B9761D4B054700B4EEFB /* AIActionComputerBasic.swift in Sources */ = {isa = PBXBuildFile; fileRef = 83E1B9751D4B054700B4EEFB /* AIActionComputerBasic.swift */; };
/* End PBXBuildFile section */

/* Begin PBXFileReference section */
		2CC6E8F050215BB001C39ECA /* Pods-DotIOGame.release.xcconfig */ = {isa = PBXFileReference; includeInIndex = 1; lastKnownFileType = text.xcconfig; name = "Pods-DotIOGame.release.xcconfig"; path = "Pods/Target Support Files/Pods-DotIOGame/Pods-DotIOGame.release.xcconfig"; sourceTree = "<group>"; };
		831D6EB91D42CD7000F5491F /* GameConstants.swift */ = {isa = PBXFileReference; fileEncoding = 4; lastKnownFileType = sourcecode.swift; path = GameConstants.swift; sourceTree = "<group>"; };
		833102681D46A27200B8844A /* WarningSign.swift */ = {isa = PBXFileReference; fileEncoding = 4; lastKnownFileType = sourcecode.swift; path = WarningSign.swift; sourceTree = "<group>"; };
		8331028E1D4819F200B8844A /* GameSceneExtensionSpawning.swift */ = {isa = PBXFileReference; fileEncoding = 4; lastKnownFileType = sourcecode.swift; lineEnding = 0; path = GameSceneExtensionSpawning.swift; sourceTree = "<group>"; xcLanguageSpecificationIdentifier = xcode.lang.swift; };
		833102901D48238100B8844A /* AIActionComputer.swift */ = {isa = PBXFileReference; fileEncoding = 4; lastKnownFileType = sourcecode.swift; path = AIActionComputer.swift; sourceTree = "<group>"; };
		833102921D495B9700B8844A /* AICreatureOld.swift */ = {isa = PBXFileReference; fileEncoding = 4; lastKnownFileType = sourcecode.swift; lineEnding = 0; path = AICreatureOld.swift; sourceTree = "<group>"; xcLanguageSpecificationIdentifier = xcode.lang.swift; };
		836713141D358D3D0062D8C0 /* BoundByCircle.swift */ = {isa = PBXFileReference; fileEncoding = 4; lastKnownFileType = sourcecode.swift; path = BoundByCircle.swift; sourceTree = "<group>"; };
		836713161D36CFA40062D8C0 /* BoostButton.swift */ = {isa = PBXFileReference; fileEncoding = 4; lastKnownFileType = sourcecode.swift; path = BoostButton.swift; sourceTree = "<group>"; };
		836713181D36F8300062D8C0 /* Mine.swift */ = {isa = PBXFileReference; fileEncoding = 4; lastKnownFileType = sourcecode.swift; lineEnding = 0; path = Mine.swift; sourceTree = "<group>"; xcLanguageSpecificationIdentifier = xcode.lang.swift; };
		8367131C1D3856AA0062D8C0 /* MineButton.swift */ = {isa = PBXFileReference; fileEncoding = 4; lastKnownFileType = sourcecode.swift; path = MineButton.swift; sourceTree = "<group>"; };
		8367131E1D39700E0062D8C0 /* MainScene.sks */ = {isa = PBXFileReference; lastKnownFileType = file.sks; path = MainScene.sks; sourceTree = "<group>"; };
		836713201D3972900062D8C0 /* MainScene.swift */ = {isa = PBXFileReference; fileEncoding = 4; lastKnownFileType = sourcecode.swift; path = MainScene.swift; sourceTree = "<group>"; };
		836713221D3984410062D8C0 /* Creature.swift */ = {isa = PBXFileReference; fileEncoding = 4; lastKnownFileType = sourcecode.swift; lineEnding = 0; path = Creature.swift; sourceTree = "<group>"; xcLanguageSpecificationIdentifier = xcode.lang.swift; };
		836713241D3AC7A10062D8C0 /* AICreature.swift */ = {isa = PBXFileReference; fileEncoding = 4; lastKnownFileType = sourcecode.swift; path = AICreature.swift; sourceTree = "<group>"; };
		839388801D4670BE002AD481 /* TouchPoint.sks */ = {isa = PBXFileReference; lastKnownFileType = file.sks; path = TouchPoint.sks; sourceTree = "<group>"; };
		83957B8C1D32FDDE00BF4450 /* DotIOGame.app */ = {isa = PBXFileReference; explicitFileType = wrapper.application; includeInIndex = 0; path = DotIOGame.app; sourceTree = BUILT_PRODUCTS_DIR; };
		83957B8F1D32FDDE00BF4450 /* AppDelegate.swift */ = {isa = PBXFileReference; lastKnownFileType = sourcecode.swift; path = AppDelegate.swift; sourceTree = "<group>"; };
		83957B911D32FDDE00BF4450 /* GameScene.sks */ = {isa = PBXFileReference; lastKnownFileType = file.sks; path = GameScene.sks; sourceTree = "<group>"; };
		83957B931D32FDDE00BF4450 /* GameScene.swift */ = {isa = PBXFileReference; lastKnownFileType = sourcecode.swift; lineEnding = 0; path = GameScene.swift; sourceTree = "<group>"; xcLanguageSpecificationIdentifier = xcode.lang.swift; };
		83957B951D32FDDE00BF4450 /* GameViewController.swift */ = {isa = PBXFileReference; lastKnownFileType = sourcecode.swift; path = GameViewController.swift; sourceTree = "<group>"; };
		83957B981D32FDDE00BF4450 /* Base */ = {isa = PBXFileReference; lastKnownFileType = file.storyboard; name = Base; path = Base.lproj/Main.storyboard; sourceTree = "<group>"; };
		83957B9A1D32FDDE00BF4450 /* Assets.xcassets */ = {isa = PBXFileReference; lastKnownFileType = folder.assetcatalog; path = Assets.xcassets; sourceTree = "<group>"; };
		83957B9D1D32FDDE00BF4450 /* Base */ = {isa = PBXFileReference; lastKnownFileType = file.storyboard; name = Base; path = Base.lproj/LaunchScreen.storyboard; sourceTree = "<group>"; };
		83957B9F1D32FDDE00BF4450 /* Info.plist */ = {isa = PBXFileReference; lastKnownFileType = text.plist.xml; path = Info.plist; sourceTree = "<group>"; };
		83957BA51D3302F700BF4450 /* PlayerCreature.swift */ = {isa = PBXFileReference; fileEncoding = 4; lastKnownFileType = sourcecode.swift; path = PlayerCreature.swift; sourceTree = "<group>"; };
		83957BA81D33FBEC00BF4450 /* MSButtonNode.swift */ = {isa = PBXFileReference; fileEncoding = 4; lastKnownFileType = sourcecode.swift; path = MSButtonNode.swift; sourceTree = "<group>"; };
		83957BA91D33FBEC00BF4450 /* MSReferenceNode.swift */ = {isa = PBXFileReference; fileEncoding = 4; lastKnownFileType = sourcecode.swift; path = MSReferenceNode.swift; sourceTree = "<group>"; };
		83957BAB1D33FBEC00BF4450 /* CGFloat+Extensions.swift */ = {isa = PBXFileReference; fileEncoding = 4; lastKnownFileType = sourcecode.swift; path = "CGFloat+Extensions.swift"; sourceTree = "<group>"; };
		83957BAC1D33FBEC00BF4450 /* CGPoint+Extensions.swift */ = {isa = PBXFileReference; fileEncoding = 4; lastKnownFileType = sourcecode.swift; path = "CGPoint+Extensions.swift"; sourceTree = "<group>"; };
		83957BAD1D33FBEC00BF4450 /* CGVector+Extensions.swift */ = {isa = PBXFileReference; fileEncoding = 4; lastKnownFileType = sourcecode.swift; path = "CGVector+Extensions.swift"; sourceTree = "<group>"; };
		83957BAE1D33FBEC00BF4450 /* Int+Extensions.swift */ = {isa = PBXFileReference; fileEncoding = 4; lastKnownFileType = sourcecode.swift; path = "Int+Extensions.swift"; sourceTree = "<group>"; };
		83957BAF1D33FBEC00BF4450 /* SKAction+Extensions.swift */ = {isa = PBXFileReference; fileEncoding = 4; lastKnownFileType = sourcecode.swift; path = "SKAction+Extensions.swift"; sourceTree = "<group>"; };
		83957BB01D33FBEC00BF4450 /* SKAction+SpecialEffects.swift */ = {isa = PBXFileReference; fileEncoding = 4; lastKnownFileType = sourcecode.swift; path = "SKAction+SpecialEffects.swift"; sourceTree = "<group>"; };
		83957BB11D33FBEC00BF4450 /* SKColor+Extensions.swift */ = {isa = PBXFileReference; fileEncoding = 4; lastKnownFileType = sourcecode.swift; path = "SKColor+Extensions.swift"; sourceTree = "<group>"; };
		83957BB21D33FBEC00BF4450 /* SKNode+Extensions.swift */ = {isa = PBXFileReference; fileEncoding = 4; lastKnownFileType = sourcecode.swift; path = "SKNode+Extensions.swift"; sourceTree = "<group>"; };
		83957BB31D33FBEC00BF4450 /* SKTAudio.swift */ = {isa = PBXFileReference; fileEncoding = 4; lastKnownFileType = sourcecode.swift; path = SKTAudio.swift; sourceTree = "<group>"; };
		83957BB41D33FBEC00BF4450 /* SKTEffects.swift */ = {isa = PBXFileReference; fileEncoding = 4; lastKnownFileType = sourcecode.swift; path = SKTEffects.swift; sourceTree = "<group>"; };
		83957BB51D33FBEC00BF4450 /* SKTTimingFunctions.swift */ = {isa = PBXFileReference; fileEncoding = 4; lastKnownFileType = sourcecode.swift; path = SKTTimingFunctions.swift; sourceTree = "<group>"; };
		83957BB61D33FBEC00BF4450 /* Vector3.swift */ = {isa = PBXFileReference; fileEncoding = 4; lastKnownFileType = sourcecode.swift; path = Vector3.swift; sourceTree = "<group>"; };
		839710051D34650A00696814 /* EnergyOrb.swift */ = {isa = PBXFileReference; fileEncoding = 4; lastKnownFileType = sourcecode.swift; path = EnergyOrb.swift; sourceTree = "<group>"; };
		83D3D0201D513E9200C87AEC /* ArrayExtension.swift */ = {isa = PBXFileReference; fileEncoding = 4; lastKnownFileType = sourcecode.swift; path = ArrayExtension.swift; sourceTree = "<group>"; };
		83D8A49D1D5299F900A7C653 /* GameOverScene.swift */ = {isa = PBXFileReference; fileEncoding = 4; lastKnownFileType = sourcecode.swift; path = GameOverScene.swift; sourceTree = "<group>"; };
		83D8A49F1D529A2C00A7C653 /* GameOverScene.sks */ = {isa = PBXFileReference; lastKnownFileType = file.sks; path = GameOverScene.sks; sourceTree = "<group>"; };
		83D8A4A11D529A8200A7C653 /* LeaderBoard.sks */ = {isa = PBXFileReference; lastKnownFileType = file.sks; path = LeaderBoard.sks; sourceTree = "<group>"; };
		83D8A4A31D529B7D00A7C653 /* LeaderBoard.swift */ = {isa = PBXFileReference; fileEncoding = 4; lastKnownFileType = sourcecode.swift; path = LeaderBoard.swift; sourceTree = "<group>"; };
		83E1B9751D4B054700B4EEFB /* AIActionComputerBasic.swift */ = {isa = PBXFileReference; fileEncoding = 4; lastKnownFileType = sourcecode.swift; path = AIActionComputerBasic.swift; sourceTree = "<group>"; };
		C92BA53FE73E94E5F87D17B8 /* Pods-DotIOGame.debug.xcconfig */ = {isa = PBXFileReference; includeInIndex = 1; lastKnownFileType = text.xcconfig; name = "Pods-DotIOGame.debug.xcconfig"; path = "Pods/Target Support Files/Pods-DotIOGame/Pods-DotIOGame.debug.xcconfig"; sourceTree = "<group>"; };
		F043375BF3059FA911B9A769 /* Pods_DotIOGame.framework */ = {isa = PBXFileReference; explicitFileType = wrapper.framework; includeInIndex = 0; path = Pods_DotIOGame.framework; sourceTree = BUILT_PRODUCTS_DIR; };
/* End PBXFileReference section */

/* Begin PBXFrameworksBuildPhase section */
		83957B891D32FDDE00BF4450 /* Frameworks */ = {
			isa = PBXFrameworksBuildPhase;
			buildActionMask = 2147483647;
			files = (
				26A015BB28344B8BE6D90EEE /* Pods_DotIOGame.framework in Frameworks */,
			);
			runOnlyForDeploymentPostprocessing = 0;
		};
/* End PBXFrameworksBuildPhase section */

/* Begin PBXGroup section */
		628DD06EE9F9CAF563FDDEA4 /* Frameworks */ = {
			isa = PBXGroup;
			children = (
				F043375BF3059FA911B9A769 /* Pods_DotIOGame.framework */,
			);
			name = Frameworks;
			sourceTree = "<group>";
		};
		83957B831D32FDDE00BF4450 = {
			isa = PBXGroup;
			children = (
				83957B8E1D32FDDE00BF4450 /* DotIOGame */,
				94E63BEEF1B80A951F0F6C94 /* Pods */,
				628DD06EE9F9CAF563FDDEA4 /* Frameworks */,
			);
			sourceTree = "<group>";
		};
		83957B8D1D32FDDE00BF4450 /* Products */ = {
			isa = PBXGroup;
			children = (
				83957B8C1D32FDDE00BF4450 /* DotIOGame.app */,
			);
			name = Products;
			path = ..;
			sourceTree = "<group>";
		};
		83957B8E1D32FDDE00BF4450 /* DotIOGame */ = {
			isa = PBXGroup;
			children = (
				83957BA71D33FBEC00BF4450 /* Utils */,
				83957B911D32FDDE00BF4450 /* GameScene.sks */,
				83957B931D32FDDE00BF4450 /* GameScene.swift */,
				8331028E1D4819F200B8844A /* GameSceneExtensionSpawning.swift */,
				836713221D3984410062D8C0 /* Creature.swift */,
				839710051D34650A00696814 /* EnergyOrb.swift */,
				83957BA51D3302F700BF4450 /* PlayerCreature.swift */,
				836713181D36F8300062D8C0 /* Mine.swift */,
				83E1B9771D4B069300B4EEFB /* AI */,
				83E1B9781D4B06B600B4EEFB /* UI */,
				836713141D358D3D0062D8C0 /* BoundByCircle.swift */,
				83957B951D32FDDE00BF4450 /* GameViewController.swift */,
				83957B8F1D32FDDE00BF4450 /* AppDelegate.swift */,
				83957B8D1D32FDDE00BF4450 /* Products */,
				83957B971D32FDDE00BF4450 /* Main.storyboard */,
				83957B9A1D32FDDE00BF4450 /* Assets.xcassets */,
				83957B9C1D32FDDE00BF4450 /* LaunchScreen.storyboard */,
				83957B9F1D32FDDE00BF4450 /* Info.plist */,
				8367131E1D39700E0062D8C0 /* MainScene.sks */,
				836713201D3972900062D8C0 /* MainScene.swift */,
				831D6EB91D42CD7000F5491F /* GameConstants.swift */,
				83D8A49D1D5299F900A7C653 /* GameOverScene.swift */,
				83D8A49F1D529A2C00A7C653 /* GameOverScene.sks */,
				83D8A4A11D529A8200A7C653 /* LeaderBoard.sks */,
				83D8A4A31D529B7D00A7C653 /* LeaderBoard.swift */,
			);
			path = DotIOGame;
			sourceTree = "<group>";
		};
		83957BA71D33FBEC00BF4450 /* Utils */ = {
			isa = PBXGroup;
			children = (
				83957BA81D33FBEC00BF4450 /* MSButtonNode.swift */,
				83D3D0201D513E9200C87AEC /* ArrayExtension.swift */,
				83957BA91D33FBEC00BF4450 /* MSReferenceNode.swift */,
				83957BAA1D33FBEC00BF4450 /* SKTUtils */,
			);
			path = Utils;
			sourceTree = "<group>";
		};
		83957BAA1D33FBEC00BF4450 /* SKTUtils */ = {
			isa = PBXGroup;
			children = (
				83957BAB1D33FBEC00BF4450 /* CGFloat+Extensions.swift */,
				83957BAC1D33FBEC00BF4450 /* CGPoint+Extensions.swift */,
				83957BAD1D33FBEC00BF4450 /* CGVector+Extensions.swift */,
				83957BAE1D33FBEC00BF4450 /* Int+Extensions.swift */,
				83957BAF1D33FBEC00BF4450 /* SKAction+Extensions.swift */,
				83957BB01D33FBEC00BF4450 /* SKAction+SpecialEffects.swift */,
				83957BB11D33FBEC00BF4450 /* SKColor+Extensions.swift */,
				83957BB21D33FBEC00BF4450 /* SKNode+Extensions.swift */,
				83957BB31D33FBEC00BF4450 /* SKTAudio.swift */,
				83957BB41D33FBEC00BF4450 /* SKTEffects.swift */,
				83957BB51D33FBEC00BF4450 /* SKTTimingFunctions.swift */,
				83957BB61D33FBEC00BF4450 /* Vector3.swift */,
			);
			path = SKTUtils;
			sourceTree = "<group>";
		};
		83E1B9771D4B069300B4EEFB /* AI */ = {
			isa = PBXGroup;
			children = (
				833102921D495B9700B8844A /* AICreatureOld.swift */,
				836713241D3AC7A10062D8C0 /* AICreature.swift */,
				833102901D48238100B8844A /* AIActionComputer.swift */,
				83E1B9751D4B054700B4EEFB /* AIActionComputerBasic.swift */,
			);
			name = AI;
			sourceTree = "<group>";
		};
		83E1B9781D4B06B600B4EEFB /* UI */ = {
			isa = PBXGroup;
			children = (
				836713161D36CFA40062D8C0 /* BoostButton.swift */,
				8367131C1D3856AA0062D8C0 /* MineButton.swift */,
				839388801D4670BE002AD481 /* TouchPoint.sks */,
				833102681D46A27200B8844A /* WarningSign.swift */,
			);
			name = UI;
			sourceTree = "<group>";
		};
		94E63BEEF1B80A951F0F6C94 /* Pods */ = {
			isa = PBXGroup;
			children = (
				C92BA53FE73E94E5F87D17B8 /* Pods-DotIOGame.debug.xcconfig */,
				2CC6E8F050215BB001C39ECA /* Pods-DotIOGame.release.xcconfig */,
			);
			name = Pods;
			sourceTree = "<group>";
		};
/* End PBXGroup section */

/* Begin PBXNativeTarget section */
		83957B8B1D32FDDE00BF4450 /* DotIOGame */ = {
			isa = PBXNativeTarget;
			buildConfigurationList = 83957BA21D32FDDE00BF4450 /* Build configuration list for PBXNativeTarget "DotIOGame" */;
			buildPhases = (
				1ED72636B55A2D942B307198 /* [CP] Check Pods Manifest.lock */,
				83957B881D32FDDE00BF4450 /* Sources */,
				83957B891D32FDDE00BF4450 /* Frameworks */,
				83957B8A1D32FDDE00BF4450 /* Resources */,
				41A99EECE9FB1E7BA77C45C7 /* [CP] Embed Pods Frameworks */,
				23E49313C80B9E120381FB63 /* [CP] Copy Pods Resources */,
			);
			buildRules = (
			);
			dependencies = (
			);
			name = DotIOGame;
			productName = DotIOGame;
			productReference = 83957B8C1D32FDDE00BF4450 /* DotIOGame.app */;
			productType = "com.apple.product-type.application";
		};
/* End PBXNativeTarget section */

/* Begin PBXProject section */
		83957B841D32FDDE00BF4450 /* Project object */ = {
			isa = PBXProject;
			attributes = {
				LastSwiftUpdateCheck = 0730;
				LastUpgradeCheck = 0730;
				ORGANIZATIONNAME = "Ryan Anderson";
				TargetAttributes = {
					83957B8B1D32FDDE00BF4450 = {
						CreatedOnToolsVersion = 7.3.1;
						DevelopmentTeam = 57NTTRWNKQ;
					};
				};
			};
			buildConfigurationList = 83957B871D32FDDE00BF4450 /* Build configuration list for PBXProject "DotIOGame" */;
			compatibilityVersion = "Xcode 3.2";
			developmentRegion = English;
			hasScannedForEncodings = 0;
			knownRegions = (
				en,
				Base,
			);
			mainGroup = 83957B831D32FDDE00BF4450;
			productRefGroup = 83957B8D1D32FDDE00BF4450 /* Products */;
			projectDirPath = "";
			projectRoot = "";
			targets = (
				83957B8B1D32FDDE00BF4450 /* DotIOGame */,
			);
		};
/* End PBXProject section */

/* Begin PBXResourcesBuildPhase section */
		83957B8A1D32FDDE00BF4450 /* Resources */ = {
			isa = PBXResourcesBuildPhase;
			buildActionMask = 2147483647;
			files = (
				83D8A4A01D529A2C00A7C653 /* GameOverScene.sks in Resources */,
				83957B921D32FDDE00BF4450 /* GameScene.sks in Resources */,
				83957B9E1D32FDDE00BF4450 /* LaunchScreen.storyboard in Resources */,
				83D8A4A21D529A8200A7C653 /* LeaderBoard.sks in Resources */,
				839388811D4670BE002AD481 /* TouchPoint.sks in Resources */,
				83957B9B1D32FDDE00BF4450 /* Assets.xcassets in Resources */,
				8367131F1D39700E0062D8C0 /* MainScene.sks in Resources */,
				83957B991D32FDDE00BF4450 /* Main.storyboard in Resources */,
			);
			runOnlyForDeploymentPostprocessing = 0;
		};
/* End PBXResourcesBuildPhase section */

/* Begin PBXShellScriptBuildPhase section */
		1ED72636B55A2D942B307198 /* [CP] Check Pods Manifest.lock */ = {
			isa = PBXShellScriptBuildPhase;
			buildActionMask = 2147483647;
			files = (
			);
			inputPaths = (
			);
			name = "[CP] Check Pods Manifest.lock";
			outputPaths = (
			);
			runOnlyForDeploymentPostprocessing = 0;
			shellPath = /bin/sh;
			shellScript = "diff \"${PODS_ROOT}/../Podfile.lock\" \"${PODS_ROOT}/Manifest.lock\" > /dev/null\nif [[ $? != 0 ]] ; then\n    cat << EOM\nerror: The sandbox is not in sync with the Podfile.lock. Run 'pod install' or update your CocoaPods installation.\nEOM\n    exit 1\nfi\n";
			showEnvVarsInLog = 0;
		};
		23E49313C80B9E120381FB63 /* [CP] Copy Pods Resources */ = {
			isa = PBXShellScriptBuildPhase;
			buildActionMask = 2147483647;
			files = (
			);
			inputPaths = (
			);
			name = "[CP] Copy Pods Resources";
			outputPaths = (
			);
			runOnlyForDeploymentPostprocessing = 0;
			shellPath = /bin/sh;
			shellScript = "\"${SRCROOT}/Pods/Target Support Files/Pods-DotIOGame/Pods-DotIOGame-resources.sh\"\n";
			showEnvVarsInLog = 0;
		};
		41A99EECE9FB1E7BA77C45C7 /* [CP] Embed Pods Frameworks */ = {
			isa = PBXShellScriptBuildPhase;
			buildActionMask = 2147483647;
			files = (
			);
			inputPaths = (
			);
			name = "[CP] Embed Pods Frameworks";
			outputPaths = (
			);
			runOnlyForDeploymentPostprocessing = 0;
			shellPath = /bin/sh;
			shellScript = "\"${SRCROOT}/Pods/Target Support Files/Pods-DotIOGame/Pods-DotIOGame-frameworks.sh\"\n";
			showEnvVarsInLog = 0;
		};
/* End PBXShellScriptBuildPhase section */

/* Begin PBXSourcesBuildPhase section */
		83957B881D32FDDE00BF4450 /* Sources */ = {
			isa = PBXSourcesBuildPhase;
			buildActionMask = 2147483647;
			files = (
				83D8A4A41D529B7D00A7C653 /* LeaderBoard.swift in Sources */,
				83957BA61D3302F700BF4450 /* PlayerCreature.swift in Sources */,
				83957BC31D33FBEC00BF4450 /* SKTTimingFunctions.swift in Sources */,
				83957B941D32FDDE00BF4450 /* GameScene.swift in Sources */,
				833102691D46A27200B8844A /* WarningSign.swift in Sources */,
				8331028F1D4819F200B8844A /* GameSceneExtensionSpawning.swift in Sources */,
				83957BBB1D33FBEC00BF4450 /* CGVector+Extensions.swift in Sources */,
				83957BBA1D33FBEC00BF4450 /* CGPoint+Extensions.swift in Sources */,
				83957BB91D33FBEC00BF4450 /* CGFloat+Extensions.swift in Sources */,
				83957B961D32FDDE00BF4450 /* GameViewController.swift in Sources */,
				836713151D358D3D0062D8C0 /* BoundByCircle.swift in Sources */,
				8367131D1D3856AA0062D8C0 /* MineButton.swift in Sources */,
				83957BC11D33FBEC00BF4450 /* SKTAudio.swift in Sources */,
				83957B901D32FDDE00BF4450 /* AppDelegate.swift in Sources */,
				83957BC01D33FBEC00BF4450 /* SKNode+Extensions.swift in Sources */,
				83957BBD1D33FBEC00BF4450 /* SKAction+Extensions.swift in Sources */,
				83E1B9761D4B054700B4EEFB /* AIActionComputerBasic.swift in Sources */,
				836713231D3984410062D8C0 /* Creature.swift in Sources */,
				83957BBE1D33FBEC00BF4450 /* SKAction+SpecialEffects.swift in Sources */,
				839710061D34650A00696814 /* EnergyOrb.swift in Sources */,
				83957BB71D33FBEC00BF4450 /* MSButtonNode.swift in Sources */,
				83957BB81D33FBEC00BF4450 /* MSReferenceNode.swift in Sources */,
				83D3D0211D513E9200C87AEC /* ArrayExtension.swift in Sources */,
				83D8A49E1D5299F900A7C653 /* GameOverScene.swift in Sources */,
				836713251D3AC7A10062D8C0 /* AICreature.swift in Sources */,
				83957BC21D33FBEC00BF4450 /* SKTEffects.swift in Sources */,
				836713171D36CFA40062D8C0 /* BoostButton.swift in Sources */,
				83957BBC1D33FBEC00BF4450 /* Int+Extensions.swift in Sources */,
				836713191D36F8300062D8C0 /* Mine.swift in Sources */,
				836713211D3972900062D8C0 /* MainScene.swift in Sources */,
				833102931D495B9700B8844A /* AICreatureOld.swift in Sources */,
				833102911D48238100B8844A /* AIActionComputer.swift in Sources */,
				83957BC41D33FBEC00BF4450 /* Vector3.swift in Sources */,
				83957BBF1D33FBEC00BF4450 /* SKColor+Extensions.swift in Sources */,
				831D6EBA1D42CD7000F5491F /* GameConstants.swift in Sources */,
			);
			runOnlyForDeploymentPostprocessing = 0;
		};
/* End PBXSourcesBuildPhase section */

/* Begin PBXVariantGroup section */
		83957B971D32FDDE00BF4450 /* Main.storyboard */ = {
			isa = PBXVariantGroup;
			children = (
				83957B981D32FDDE00BF4450 /* Base */,
			);
			name = Main.storyboard;
			sourceTree = "<group>";
		};
		83957B9C1D32FDDE00BF4450 /* LaunchScreen.storyboard */ = {
			isa = PBXVariantGroup;
			children = (
				83957B9D1D32FDDE00BF4450 /* Base */,
			);
			name = LaunchScreen.storyboard;
			sourceTree = "<group>";
		};
/* End PBXVariantGroup section */

/* Begin XCBuildConfiguration section */
		83957BA01D32FDDE00BF4450 /* Debug */ = {
			isa = XCBuildConfiguration;
			buildSettings = {
				ALWAYS_SEARCH_USER_PATHS = NO;
				CLANG_ANALYZER_NONNULL = YES;
				CLANG_CXX_LANGUAGE_STANDARD = "gnu++0x";
				CLANG_CXX_LIBRARY = "libc++";
				CLANG_ENABLE_MODULES = YES;
				CLANG_ENABLE_OBJC_ARC = YES;
				CLANG_WARN_BOOL_CONVERSION = YES;
				CLANG_WARN_CONSTANT_CONVERSION = YES;
				CLANG_WARN_DIRECT_OBJC_ISA_USAGE = YES_ERROR;
				CLANG_WARN_EMPTY_BODY = YES;
				CLANG_WARN_ENUM_CONVERSION = YES;
				CLANG_WARN_INT_CONVERSION = YES;
				CLANG_WARN_OBJC_ROOT_CLASS = YES_ERROR;
				CLANG_WARN_UNREACHABLE_CODE = YES;
				CLANG_WARN__DUPLICATE_METHOD_MATCH = YES;
				"CODE_SIGN_IDENTITY[sdk=iphoneos*]" = "iPhone Developer";
				COPY_PHASE_STRIP = NO;
				DEBUG_INFORMATION_FORMAT = "dwarf-with-dsym";
				ENABLE_STRICT_OBJC_MSGSEND = YES;
				ENABLE_TESTABILITY = YES;
				GCC_C_LANGUAGE_STANDARD = gnu99;
				GCC_DYNAMIC_NO_PIC = NO;
				GCC_NO_COMMON_BLOCKS = YES;
				GCC_OPTIMIZATION_LEVEL = 0;
				GCC_PREPROCESSOR_DEFINITIONS = (
					"DEBUG=1",
					"$(inherited)",
				);
				GCC_WARN_64_TO_32_BIT_CONVERSION = YES;
				GCC_WARN_ABOUT_RETURN_TYPE = YES_ERROR;
				GCC_WARN_UNDECLARED_SELECTOR = YES;
				GCC_WARN_UNINITIALIZED_AUTOS = YES_AGGRESSIVE;
				GCC_WARN_UNUSED_FUNCTION = YES;
				GCC_WARN_UNUSED_VARIABLE = YES;
				IPHONEOS_DEPLOYMENT_TARGET = 9.3;
				MTL_ENABLE_DEBUG_INFO = YES;
				ONLY_ACTIVE_ARCH = YES;
				SDKROOT = iphoneos;
				SWIFT_OPTIMIZATION_LEVEL = "-Onone";
				TARGETED_DEVICE_FAMILY = "1,2";
			};
			name = Debug;
		};
		83957BA11D32FDDE00BF4450 /* Release */ = {
			isa = XCBuildConfiguration;
			buildSettings = {
				ALWAYS_SEARCH_USER_PATHS = NO;
				CLANG_ANALYZER_NONNULL = YES;
				CLANG_CXX_LANGUAGE_STANDARD = "gnu++0x";
				CLANG_CXX_LIBRARY = "libc++";
				CLANG_ENABLE_MODULES = YES;
				CLANG_ENABLE_OBJC_ARC = YES;
				CLANG_WARN_BOOL_CONVERSION = YES;
				CLANG_WARN_CONSTANT_CONVERSION = YES;
				CLANG_WARN_DIRECT_OBJC_ISA_USAGE = YES_ERROR;
				CLANG_WARN_EMPTY_BODY = YES;
				CLANG_WARN_ENUM_CONVERSION = YES;
				CLANG_WARN_INT_CONVERSION = YES;
				CLANG_WARN_OBJC_ROOT_CLASS = YES_ERROR;
				CLANG_WARN_UNREACHABLE_CODE = YES;
				CLANG_WARN__DUPLICATE_METHOD_MATCH = YES;
				"CODE_SIGN_IDENTITY[sdk=iphoneos*]" = "iPhone Developer";
				COPY_PHASE_STRIP = NO;
				DEBUG_INFORMATION_FORMAT = "dwarf-with-dsym";
				ENABLE_NS_ASSERTIONS = NO;
				ENABLE_STRICT_OBJC_MSGSEND = YES;
				GCC_C_LANGUAGE_STANDARD = gnu99;
				GCC_NO_COMMON_BLOCKS = YES;
				GCC_WARN_64_TO_32_BIT_CONVERSION = YES;
				GCC_WARN_ABOUT_RETURN_TYPE = YES_ERROR;
				GCC_WARN_UNDECLARED_SELECTOR = YES;
				GCC_WARN_UNINITIALIZED_AUTOS = YES_AGGRESSIVE;
				GCC_WARN_UNUSED_FUNCTION = YES;
				GCC_WARN_UNUSED_VARIABLE = YES;
				IPHONEOS_DEPLOYMENT_TARGET = 9.3;
				MTL_ENABLE_DEBUG_INFO = NO;
				SDKROOT = iphoneos;
				TARGETED_DEVICE_FAMILY = "1,2";
				VALIDATE_PRODUCT = YES;
			};
			name = Release;
		};
		83957BA31D32FDDE00BF4450 /* Debug */ = {
			isa = XCBuildConfiguration;
			baseConfigurationReference = C92BA53FE73E94E5F87D17B8 /* Pods-DotIOGame.debug.xcconfig */;
			buildSettings = {
				ASSETCATALOG_COMPILER_APPICON_NAME = AppIcon;
				CODE_SIGN_IDENTITY = "iPhone Developer";
				"CODE_SIGN_IDENTITY[sdk=iphoneos*]" = "iPhone Developer";
				INFOPLIST_FILE = DotIOGame/Info.plist;
				LD_RUNPATH_SEARCH_PATHS = "$(inherited) @executable_path/Frameworks";
				PRODUCT_BUNDLE_IDENTIFIER = io.github.rkanderson.DotIOGame;
				PRODUCT_NAME = "$(TARGET_NAME)";
				PROVISIONING_PROFILE = "";
			};
			name = Debug;
		};
		83957BA41D32FDDE00BF4450 /* Release */ = {
			isa = XCBuildConfiguration;
			baseConfigurationReference = 2CC6E8F050215BB001C39ECA /* Pods-DotIOGame.release.xcconfig */;
			buildSettings = {
				ASSETCATALOG_COMPILER_APPICON_NAME = AppIcon;
				CODE_SIGN_IDENTITY = "iPhone Developer";
				"CODE_SIGN_IDENTITY[sdk=iphoneos*]" = "iPhone Developer";
				INFOPLIST_FILE = DotIOGame/Info.plist;
				LD_RUNPATH_SEARCH_PATHS = "$(inherited) @executable_path/Frameworks";
				PRODUCT_BUNDLE_IDENTIFIER = io.github.rkanderson.DotIOGame;
				PRODUCT_NAME = "$(TARGET_NAME)";
				PROVISIONING_PROFILE = "";
			};
			name = Release;
		};
/* End XCBuildConfiguration section */

/* Begin XCConfigurationList section */
		83957B871D32FDDE00BF4450 /* Build configuration list for PBXProject "DotIOGame" */ = {
			isa = XCConfigurationList;
			buildConfigurations = (
				83957BA01D32FDDE00BF4450 /* Debug */,
				83957BA11D32FDDE00BF4450 /* Release */,
			);
			defaultConfigurationIsVisible = 0;
			defaultConfigurationName = Release;
		};
		83957BA21D32FDDE00BF4450 /* Build configuration list for PBXNativeTarget "DotIOGame" */ = {
			isa = XCConfigurationList;
			buildConfigurations = (
				83957BA31D32FDDE00BF4450 /* Debug */,
				83957BA41D32FDDE00BF4450 /* Release */,
			);
			defaultConfigurationIsVisible = 0;
			defaultConfigurationName = Release;
		};
/* End XCConfigurationList section */
	};
	rootObject = 83957B841D32FDDE00BF4450 /* Project object */;
}
