PODS:
  - IQKeyboardManagerSwift (4.0.4)
  - Mixpanel (3.0.0):
    - Mixpanel/Mixpanel (= 3.0.0)
  - Mixpanel/Mixpanel (3.0.0)

DEPENDENCIES:
  - IQKeyboardManagerSwift
  - Mixpanel

SPEC CHECKSUMS:
  IQKeyboardManagerSwift: e0964d04d6a29b71016fd346dca13ecb80a2823a
  Mixpanel: ac92056ee35a961362513ba11049e67cffcaa1f1

PODFILE CHECKSUM: 1faab1f313ef8808b4b71087275322554d4dd3e3

COCOAPODS: 1.0.1
